
Microsoft Visual Studio Solution File, Format Version 12.00
# Visual Studio 15
VisualStudioVersion = 15.0.26430.13
MinimumVisualStudioVersion = 10.0.40219.1
Project("{FAE04EC0-301F-11D3-BF4B-00C04F79EFBC}") = "PastBinFake.SPA", "PastBinFake.SPA\PastBinFake.SPA.csproj", "{F41C5985-0040-4770-B4E1-F65569A03246}"
EndProject
Project("{FAE04EC0-301F-11D3-BF4B-00C04F79EFBC}") = "PastBinFake.SPA.DataAccessLayer", "PastBinFake.SPA.DataAccessLayer\PastBinFake.SPA.DataAccessLayer.csproj", "{A478A0EE-A0B0-43C4-B25E-FBF549DF8479}"
EndProject
Global
	GlobalSection(SolutionConfigurationPlatforms) = preSolution
		Debug|Any CPU = Debug|Any CPU
		Release|Any CPU = Release|Any CPU
	EndGlobalSection
	GlobalSection(ProjectConfigurationPlatforms) = postSolution
		{F41C5985-0040-4770-B4E1-F65569A03246}.Debug|Any CPU.ActiveCfg = Debug|Any CPU
		{F41C5985-0040-4770-B4E1-F65569A03246}.Debug|Any CPU.Build.0 = Debug|Any CPU
		{F41C5985-0040-4770-B4E1-F65569A03246}.Release|Any CPU.ActiveCfg = Release|Any CPU
		{F41C5985-0040-4770-B4E1-F65569A03246}.Release|Any CPU.Build.0 = Release|Any CPU
		{A478A0EE-A0B0-43C4-B25E-FBF549DF8479}.Debug|Any CPU.ActiveCfg = Debug|Any CPU
		{A478A0EE-A0B0-43C4-B25E-FBF549DF8479}.Debug|Any CPU.Build.0 = Debug|Any CPU
		{A478A0EE-A0B0-43C4-B25E-FBF549DF8479}.Release|Any CPU.ActiveCfg = Release|Any CPU
		{A478A0EE-A0B0-43C4-B25E-FBF549DF8479}.Release|Any CPU.Build.0 = Release|Any CPU
	EndGlobalSection
	GlobalSection(SolutionProperties) = preSolution
		HideSolutionNode = FALSE
	EndGlobalSection
EndGlobal
